
Microsoft Visual Studio Solution File, Format Version 12.00
# Visual Studio 15
VisualStudioVersion = 15.0.28010.2026
MinimumVisualStudioVersion = 10.0.40219.1
Project("{FAE04EC0-301F-11D3-BF4B-00C04F79EFBC}") = "Kyrsuch", "Kyrsuch\Kyrsuch.csproj", "{119D02C5-6812-4BF7-84A0-36FDDF4B4B19}"
EndProject
Global
	GlobalSection(SolutionConfigurationPlatforms) = preSolution
		Debug|Any CPU = Debug|Any CPU
		Release|Any CPU = Release|Any CPU
	EndGlobalSection
	GlobalSection(ProjectConfigurationPlatforms) = postSolution
		{119D02C5-6812-4BF7-84A0-36FDDF4B4B19}.Debug|Any CPU.ActiveCfg = Debug|Any CPU
		{119D02C5-6812-4BF7-84A0-36FDDF4B4B19}.Debug|Any CPU.Build.0 = Debug|Any CPU
		{119D02C5-6812-4BF7-84A0-36FDDF4B4B19}.Release|Any CPU.ActiveCfg = Release|Any CPU
		{119D02C5-6812-4BF7-84A0-36FDDF4B4B19}.Release|Any CPU.Build.0 = Release|Any CPU
	EndGlobalSection
	GlobalSection(SolutionProperties) = preSolution
		HideSolutionNode = FALSE
	EndGlobalSection
	GlobalSection(ExtensibilityGlobals) = postSolution
		SolutionGuid = {DE5BE493-2489-428C-9171-159C0D015431}
	EndGlobalSection
EndGlobal
